
Microsoft Visual Studio Solution File, Format Version 12.00
# Visual Studio Version 17
VisualStudioVersion = 17.8.34525.116
MinimumVisualStudioVersion = 10.0.40219.1
Project("{FAE04EC0-301F-11D3-BF4B-00C04F79EFBC}") = "Git&GitHub", "Git&GitHub\Git&GitHub.csproj", "{66CCD0FA-24C1-45FA-AC84-CA8246FE674B}"
EndProject
Global
	GlobalSection(SolutionConfigurationPlatforms) = preSolution
		Debug|Any CPU = Debug|Any CPU
		Release|Any CPU = Release|Any CPU
	EndGlobalSection
	GlobalSection(ProjectConfigurationPlatforms) = postSolution
		{66CCD0FA-24C1-45FA-AC84-CA8246FE674B}.Debug|Any CPU.ActiveCfg = Debug|Any CPU
		{66CCD0FA-24C1-45FA-AC84-CA8246FE674B}.Debug|Any CPU.Build.0 = Debug|Any CPU
		{66CCD0FA-24C1-45FA-AC84-CA8246FE674B}.Release|Any CPU.ActiveCfg = Release|Any CPU
		{66CCD0FA-24C1-45FA-AC84-CA8246FE674B}.Release|Any CPU.Build.0 = Release|Any CPU
	EndGlobalSection
	GlobalSection(SolutionProperties) = preSolution
		HideSolutionNode = FALSE
	EndGlobalSection
	GlobalSection(ExtensibilityGlobals) = postSolution
		SolutionGuid = {A68A98F4-B576-4E4E-A6CF-C76EFCE107A2}
	EndGlobalSection
EndGlobal
